<?xml version="1.0" encoding="utf-8"?>
<Project ToolsVersion="4.0" xmlns="http://schemas.microsoft.com/developer/msbuild/2003">
  <ItemGroup>
    <Filter Include="Source Files">
      <UniqueIdentifier>{4FC737F1-C7A5-4376-A066-2A32D752A2FF}</UniqueIdentifier>
      <Extensions>cpp;c;cc;cxx;def;odl;idl;hpj;bat;asm;asmx</Extensions>
    </Filter>
    <Filter Include="Header Files">
      <UniqueIdentifier>{93995380-89BD-4b04-88EB-625FBE52EBFB}</UniqueIdentifier>
      <Extensions>h;hh;hpp;hxx;hm;inl;inc;xsd</Extensions>
    </Filter>
    <Filter Include="Resource Files">
      <UniqueIdentifier>{67DA6AB6-F800-4c08-8B7A-83BB121AAD01}</UniqueIdentifier>
      <Extensions>rc;ico;cur;bmp;dlg;rc2;rct;bin;rgs;gif;jpg;jpeg;jpe;resx;tiff;tif;png;wav;mfcribbon-ms</Extensions>
    </Filter>
    <Filter Include="Header Files\algos">
      <UniqueIdentifier>{567d3b17-144e-4141-aaab-9bd1208a6c4b}</UniqueIdentifier>
    </Filter>
    <Filter Include="Header Files\indicators">
      <UniqueIdentifier>{917e0d98-9e88-4b96-aed7-487f8532e969}</UniqueIdentifier>
    </Filter>
  </ItemGroup>
  <ItemGroup>
    <ClInclude Include="stdafx.h">
      <Filter>Header Files</Filter>
    </ClInclude>
    <ClInclude Include="targetver.h">
      <Filter>Header Files</Filter>
    </ClInclude>
    <ClInclude Include="tick.h">
      <Filter>Header Files</Filter>
    </ClInclude>
    <ClInclude Include="util.h">
      <Filter>Header Files</Filter>
    </ClInclude>
    <ClInclude Include="position.h">
      <Filter>Header Files</Filter>
    </ClInclude>
    <ClInclude Include="logger.h">
      <Filter>Header Files</Filter>
    </ClInclude>
    <ClInclude Include="algo.h">
      <Filter>Header Files</Filter>
    </ClInclude>
    <ClInclude Include="indicator\indicator.h">
      <Filter>Header Files</Filter>
    </ClInclude>
    <ClInclude Include="optimizer\optimizable_algo_genetic.h">
      <Filter>Header Files</Filter>
    </ClInclude>
    <ClInclude Include="optimizer\optimizer_genetic.h">
      <Filter>Header Files</Filter>
    </ClInclude>
    <ClInclude Include="optimizer\optimizer_genetic_day_research.h">
      <Filter>Header Files</Filter>
    </ClInclude>
    <ClInclude Include="algo\algo_bollinger.h">
      <Filter>Header Files\algos</Filter>
    </ClInclude>
    <ClInclude Include="algo\event\event_algo.h">
      <Filter>Header Files\algos</Filter>
    </ClInclude>
    <ClInclude Include="algo\event\event_algo_ma.h">
      <Filter>Header Files\algos</Filter>
    </ClInclude>
    <ClInclude Include="algo\event\event_long_short.h">
      <Filter>Header Files\algos</Filter>
    </ClInclude>
    <ClInclude Include="indicator\sd.h">
      <Filter>Header Files\indicators</Filter>
    </ClInclude>
    <ClInclude Include="indicator\sma.h">
      <Filter>Header Files\indicators</Filter>
    </ClInclude>
    <ClInclude Include="trend.h">
      <Filter>Header Files</Filter>
    </ClInclude>
    <ClInclude Include="algo\algo_dayrange.h">
      <Filter>Header Files\algos</Filter>
    </ClInclude>
    <ClInclude Include="algo\algo_hybrid.h">
      <Filter>Header Files\algos</Filter>
    </ClInclude>
    <ClInclude Include="bar.h">
      <Filter>Header Files</Filter>
    </ClInclude>
    <ClInclude Include="algo_bar.h">
      <Filter>Header Files</Filter>
    </ClInclude>
    <ClInclude Include="bar_watcher.h">
      <Filter>Header Files</Filter>
    </ClInclude>
    <ClInclude Include="risk.h">
      <Filter>Header Files</Filter>
    </ClInclude>
  </ItemGroup>
  <ItemGroup>
    <ClCompile Include="stdafx.cpp">
      <Filter>Source Files</Filter>
    </ClCompile>
    <ClCompile Include="dllmain.cpp">
      <Filter>Source Files</Filter>
    </ClCompile>
    <ClCompile Include="mql5_export_wrapper.cpp">
      <Filter>Source Files</Filter>
    </ClCompile>
    <ClCompile Include="unit_test.cpp">
      <Filter>Source Files</Filter>
    </ClCompile>
    <ClCompile Include="..\..\..\dlib-18.7\dlib\all\source.cpp">
      <Filter>Source Files</Filter>
    </ClCompile>
  </ItemGroup>
</Project>