
Microsoft Visual Studio Solution File, Format Version 12.00
# Visual Studio 2013
VisualStudioVersion = 12.0.30501.0
MinimumVisualStudioVersion = 10.0.40219.1
Project("{8BC9CEB8-8B4A-11D0-8D11-00A0C91BC942}") = "Strat", "Strat\Strat.vcxproj", "{A7933499-5911-4F81-85C6-4A5E05EE81B4}"
EndProject
Project("{FAE04EC0-301F-11D3-BF4B-00C04F79EFBC}") = "BackTester", "BackTester\BackTester.csproj", "{5ADFFA93-1627-478C-B873-5A83AC06A9CB}"
	ProjectSection(ProjectDependencies) = postProject
		{A7933499-5911-4F81-85C6-4A5E05EE81B4} = {A7933499-5911-4F81-85C6-4A5E05EE81B4}
	EndProjectSection
EndProject
Global
	GlobalSection(SolutionConfigurationPlatforms) = preSolution
		Debug|Any CPU = Debug|Any CPU
		Debug|Win32 = Debug|Win32
		Debug|x64 = Debug|x64
		Release|Any CPU = Release|Any CPU
		Release|Win32 = Release|Win32
		Release|x64 = Release|x64
	EndGlobalSection
	GlobalSection(ProjectConfigurationPlatforms) = postSolution
		{A7933499-5911-4F81-85C6-4A5E05EE81B4}.Debug|Any CPU.ActiveCfg = Debug|Win32
		{A7933499-5911-4F81-85C6-4A5E05EE81B4}.Debug|Win32.ActiveCfg = Debug|Win32
		{A7933499-5911-4F81-85C6-4A5E05EE81B4}.Debug|Win32.Build.0 = Debug|Win32
		{A7933499-5911-4F81-85C6-4A5E05EE81B4}.Debug|x64.ActiveCfg = Debug|x64
		{A7933499-5911-4F81-85C6-4A5E05EE81B4}.Debug|x64.Build.0 = Debug|x64
		{A7933499-5911-4F81-85C6-4A5E05EE81B4}.Release|Any CPU.ActiveCfg = Release|Win32
		{A7933499-5911-4F81-85C6-4A5E05EE81B4}.Release|Win32.ActiveCfg = Release|Win32
		{A7933499-5911-4F81-85C6-4A5E05EE81B4}.Release|Win32.Build.0 = Release|Win32
		{A7933499-5911-4F81-85C6-4A5E05EE81B4}.Release|x64.ActiveCfg = MQL5Release|x64
		{A7933499-5911-4F81-85C6-4A5E05EE81B4}.Release|x64.Build.0 = MQL5Release|x64
		{5ADFFA93-1627-478C-B873-5A83AC06A9CB}.Debug|Any CPU.ActiveCfg = Debug|Any CPU
		{5ADFFA93-1627-478C-B873-5A83AC06A9CB}.Debug|Any CPU.Build.0 = Debug|Any CPU
		{5ADFFA93-1627-478C-B873-5A83AC06A9CB}.Debug|Win32.ActiveCfg = Debug|Any CPU
		{5ADFFA93-1627-478C-B873-5A83AC06A9CB}.Debug|x64.ActiveCfg = Debug|x64
		{5ADFFA93-1627-478C-B873-5A83AC06A9CB}.Debug|x64.Build.0 = Debug|x64
		{5ADFFA93-1627-478C-B873-5A83AC06A9CB}.Release|Any CPU.ActiveCfg = Release|Any CPU
		{5ADFFA93-1627-478C-B873-5A83AC06A9CB}.Release|Any CPU.Build.0 = Release|Any CPU
		{5ADFFA93-1627-478C-B873-5A83AC06A9CB}.Release|Win32.ActiveCfg = Release|Any CPU
		{5ADFFA93-1627-478C-B873-5A83AC06A9CB}.Release|x64.ActiveCfg = Release|x64
		{5ADFFA93-1627-478C-B873-5A83AC06A9CB}.Release|x64.Build.0 = Release|x64
	EndGlobalSection
	GlobalSection(SolutionProperties) = preSolution
		HideSolutionNode = FALSE
	EndGlobalSection
EndGlobal
